
Microsoft Visual Studio Solution File, Format Version 12.00
# Visual Studio Version 16
VisualStudioVersion = 16.0.30320.27
MinimumVisualStudioVersion = 10.0.40219.1
Project("{F184B08F-C81C-45F6-A57F-5ABD9991F28F}") = "CPM", "CPM\CPM.vbproj", "{9C9052C2-F8EB-4FB0-8FFB-8A81C225E82E}"
EndProject
Global
	GlobalSection(SolutionConfigurationPlatforms) = preSolution
		Debug|Any CPU = Debug|Any CPU
		Release|Any CPU = Release|Any CPU
	EndGlobalSection
	GlobalSection(ProjectConfigurationPlatforms) = postSolution
		{9C9052C2-F8EB-4FB0-8FFB-8A81C225E82E}.Debug|Any CPU.ActiveCfg = Debug|Any CPU
		{9C9052C2-F8EB-4FB0-8FFB-8A81C225E82E}.Debug|Any CPU.Build.0 = Debug|Any CPU
		{9C9052C2-F8EB-4FB0-8FFB-8A81C225E82E}.Release|Any CPU.ActiveCfg = Release|Any CPU
		{9C9052C2-F8EB-4FB0-8FFB-8A81C225E82E}.Release|Any CPU.Build.0 = Release|Any CPU
	EndGlobalSection
	GlobalSection(SolutionProperties) = preSolution
		HideSolutionNode = FALSE
	EndGlobalSection
	GlobalSection(ExtensibilityGlobals) = postSolution
		SolutionGuid = {17C1F90B-2EE5-416F-90CD-24E2105A617C}
	EndGlobalSection
EndGlobal
